
Microsoft Visual Studio Solution File, Format Version 12.00
# Visual Studio 14
VisualStudioVersion = 14.0.23107.0
MinimumVisualStudioVersion = 10.0.40219.1
Project("{FAE04EC0-301F-11D3-BF4B-00C04F79EFBC}") = "Plenty", "Plenty\Plenty.csproj", "{1806F90E-8960-440A-BC57-E9FC89DBBA68}"
EndProject
Project("{FAE04EC0-301F-11D3-BF4B-00C04F79EFBC}") = "Plenty.iOS", "iOS\Plenty.iOS.csproj", "{89111DD0-4C67-494E-82C4-DCCC388148C5}"
EndProject
Project("{FAE04EC0-301F-11D3-BF4B-00C04F79EFBC}") = "Plenty.Droid", "Droid\Plenty.Droid.csproj", "{F6958145-5025-4897-9C88-312884C24EC1}"
EndProject
Project("{FAE04EC0-301F-11D3-BF4B-00C04F79EFBC}") = "Plenty.WinPhone81", "Plenty.WinPhone81\Plenty.WinPhone81.csproj", "{214293C8-A6B6-4A2F-AD0A-9226368CAF99}"
EndProject
Global
	GlobalSection(SolutionConfigurationPlatforms) = preSolution
		Debug|Any CPU = Debug|Any CPU
		Debug|ARM = Debug|ARM
		Debug|iPhone = Debug|iPhone
		Debug|iPhoneSimulator = Debug|iPhoneSimulator
		Debug|x86 = Debug|x86
		Release|Any CPU = Release|Any CPU
		Release|ARM = Release|ARM
		Release|iPhone = Release|iPhone
		Release|iPhoneSimulator = Release|iPhoneSimulator
		Release|x86 = Release|x86
	EndGlobalSection
	GlobalSection(ProjectConfigurationPlatforms) = postSolution
		{1806F90E-8960-440A-BC57-E9FC89DBBA68}.Debug|Any CPU.ActiveCfg = Debug|Any CPU
		{1806F90E-8960-440A-BC57-E9FC89DBBA68}.Debug|Any CPU.Build.0 = Debug|Any CPU
		{1806F90E-8960-440A-BC57-E9FC89DBBA68}.Debug|ARM.ActiveCfg = Debug|Any CPU
		{1806F90E-8960-440A-BC57-E9FC89DBBA68}.Debug|ARM.Build.0 = Debug|Any CPU
		{1806F90E-8960-440A-BC57-E9FC89DBBA68}.Debug|iPhone.ActiveCfg = Debug|Any CPU
		{1806F90E-8960-440A-BC57-E9FC89DBBA68}.Debug|iPhone.Build.0 = Debug|Any CPU
		{1806F90E-8960-440A-BC57-E9FC89DBBA68}.Debug|iPhoneSimulator.ActiveCfg = Debug|Any CPU
		{1806F90E-8960-440A-BC57-E9FC89DBBA68}.Debug|iPhoneSimulator.Build.0 = Debug|Any CPU
		{1806F90E-8960-440A-BC57-E9FC89DBBA68}.Debug|x86.ActiveCfg = Debug|Any CPU
		{1806F90E-8960-440A-BC57-E9FC89DBBA68}.Debug|x86.Build.0 = Debug|Any CPU
		{1806F90E-8960-440A-BC57-E9FC89DBBA68}.Release|Any CPU.ActiveCfg = Release|Any CPU
		{1806F90E-8960-440A-BC57-E9FC89DBBA68}.Release|Any CPU.Build.0 = Release|Any CPU
		{1806F90E-8960-440A-BC57-E9FC89DBBA68}.Release|ARM.ActiveCfg = Release|Any CPU
		{1806F90E-8960-440A-BC57-E9FC89DBBA68}.Release|ARM.Build.0 = Release|Any CPU
		{1806F90E-8960-440A-BC57-E9FC89DBBA68}.Release|iPhone.ActiveCfg = Release|Any CPU
		{1806F90E-8960-440A-BC57-E9FC89DBBA68}.Release|iPhone.Build.0 = Release|Any CPU
		{1806F90E-8960-440A-BC57-E9FC89DBBA68}.Release|iPhoneSimulator.ActiveCfg = Release|Any CPU
		{1806F90E-8960-440A-BC57-E9FC89DBBA68}.Release|iPhoneSimulator.Build.0 = Release|Any CPU
		{1806F90E-8960-440A-BC57-E9FC89DBBA68}.Release|x86.ActiveCfg = Release|Any CPU
		{1806F90E-8960-440A-BC57-E9FC89DBBA68}.Release|x86.Build.0 = Release|Any CPU
		{89111DD0-4C67-494E-82C4-DCCC388148C5}.Debug|Any CPU.ActiveCfg = Debug|iPhoneSimulator
		{89111DD0-4C67-494E-82C4-DCCC388148C5}.Debug|Any CPU.Build.0 = Debug|iPhoneSimulator
		{89111DD0-4C67-494E-82C4-DCCC388148C5}.Debug|ARM.ActiveCfg = Debug|iPhone
		{89111DD0-4C67-494E-82C4-DCCC388148C5}.Debug|iPhone.ActiveCfg = Debug|iPhone
		{89111DD0-4C67-494E-82C4-DCCC388148C5}.Debug|iPhone.Build.0 = Debug|iPhone
		{89111DD0-4C67-494E-82C4-DCCC388148C5}.Debug|iPhoneSimulator.ActiveCfg = Debug|iPhoneSimulator
		{89111DD0-4C67-494E-82C4-DCCC388148C5}.Debug|iPhoneSimulator.Build.0 = Debug|iPhoneSimulator
		{89111DD0-4C67-494E-82C4-DCCC388148C5}.Debug|x86.ActiveCfg = Debug|iPhone
		{89111DD0-4C67-494E-82C4-DCCC388148C5}.Release|Any CPU.ActiveCfg = Release|iPhone
		{89111DD0-4C67-494E-82C4-DCCC388148C5}.Release|Any CPU.Build.0 = Release|iPhone
		{89111DD0-4C67-494E-82C4-DCCC388148C5}.Release|ARM.ActiveCfg = Release|iPhoneSimulator
		{89111DD0-4C67-494E-82C4-DCCC388148C5}.Release|iPhone.ActiveCfg = Release|iPhone
		{89111DD0-4C67-494E-82C4-DCCC388148C5}.Release|iPhone.Build.0 = Release|iPhone
		{89111DD0-4C67-494E-82C4-DCCC388148C5}.Release|iPhoneSimulator.ActiveCfg = Release|iPhoneSimulator
		{89111DD0-4C67-494E-82C4-DCCC388148C5}.Release|iPhoneSimulator.Build.0 = Release|iPhoneSimulator
		{89111DD0-4C67-494E-82C4-DCCC388148C5}.Release|x86.ActiveCfg = Release|iPhoneSimulator
		{F6958145-5025-4897-9C88-312884C24EC1}.Debug|Any CPU.ActiveCfg = Debug|Any CPU
		{F6958145-5025-4897-9C88-312884C24EC1}.Debug|Any CPU.Build.0 = Debug|Any CPU
		{F6958145-5025-4897-9C88-312884C24EC1}.Debug|ARM.ActiveCfg = Debug|Any CPU
		{F6958145-5025-4897-9C88-312884C24EC1}.Debug|ARM.Build.0 = Debug|Any CPU
		{F6958145-5025-4897-9C88-312884C24EC1}.Debug|ARM.Deploy.0 = Debug|Any CPU
		{F6958145-5025-4897-9C88-312884C24EC1}.Debug|iPhone.ActiveCfg = Debug|Any CPU
		{F6958145-5025-4897-9C88-312884C24EC1}.Debug|iPhone.Build.0 = Debug|Any CPU
		{F6958145-5025-4897-9C88-312884C24EC1}.Debug|iPhoneSimulator.ActiveCfg = Debug|Any CPU
		{F6958145-5025-4897-9C88-312884C24EC1}.Debug|iPhoneSimulator.Build.0 = Debug|Any CPU
		{F6958145-5025-4897-9C88-312884C24EC1}.Debug|x86.ActiveCfg = Debug|Any CPU
		{F6958145-5025-4897-9C88-312884C24EC1}.Debug|x86.Build.0 = Debug|Any CPU
		{F6958145-5025-4897-9C88-312884C24EC1}.Debug|x86.Deploy.0 = Debug|Any CPU
		{F6958145-5025-4897-9C88-312884C24EC1}.Release|Any CPU.ActiveCfg = Release|Any CPU
		{F6958145-5025-4897-9C88-312884C24EC1}.Release|Any CPU.Build.0 = Release|Any CPU
		{F6958145-5025-4897-9C88-312884C24EC1}.Release|ARM.ActiveCfg = Release|Any CPU
		{F6958145-5025-4897-9C88-312884C24EC1}.Release|ARM.Build.0 = Release|Any CPU
		{F6958145-5025-4897-9C88-312884C24EC1}.Release|ARM.Deploy.0 = Release|Any CPU
		{F6958145-5025-4897-9C88-312884C24EC1}.Release|iPhone.ActiveCfg = Release|Any CPU
		{F6958145-5025-4897-9C88-312884C24EC1}.Release|iPhone.Build.0 = Release|Any CPU
		{F6958145-5025-4897-9C88-312884C24EC1}.Release|iPhoneSimulator.ActiveCfg = Release|Any CPU
		{F6958145-5025-4897-9C88-312884C24EC1}.Release|iPhoneSimulator.Build.0 = Release|Any CPU
		{F6958145-5025-4897-9C88-312884C24EC1}.Release|x86.ActiveCfg = Release|Any CPU
		{F6958145-5025-4897-9C88-312884C24EC1}.Release|x86.Build.0 = Release|Any CPU
		{F6958145-5025-4897-9C88-312884C24EC1}.Release|x86.Deploy.0 = Release|Any CPU
		{214293C8-A6B6-4A2F-AD0A-9226368CAF99}.Debug|Any CPU.ActiveCfg = Debug|Any CPU
		{214293C8-A6B6-4A2F-AD0A-9226368CAF99}.Debug|Any CPU.Build.0 = Debug|Any CPU
		{214293C8-A6B6-4A2F-AD0A-9226368CAF99}.Debug|Any CPU.Deploy.0 = Debug|Any CPU
		{214293C8-A6B6-4A2F-AD0A-9226368CAF99}.Debug|ARM.ActiveCfg = Debug|ARM
		{214293C8-A6B6-4A2F-AD0A-9226368CAF99}.Debug|ARM.Build.0 = Debug|ARM
		{214293C8-A6B6-4A2F-AD0A-9226368CAF99}.Debug|ARM.Deploy.0 = Debug|ARM
		{214293C8-A6B6-4A2F-AD0A-9226368CAF99}.Debug|iPhone.ActiveCfg = Debug|Any CPU
		{214293C8-A6B6-4A2F-AD0A-9226368CAF99}.Debug|iPhone.Build.0 = Debug|Any CPU
		{214293C8-A6B6-4A2F-AD0A-9226368CAF99}.Debug|iPhone.Deploy.0 = Debug|Any CPU
		{214293C8-A6B6-4A2F-AD0A-9226368CAF99}.Debug|iPhoneSimulator.ActiveCfg = Debug|Any CPU
		{214293C8-A6B6-4A2F-AD0A-9226368CAF99}.Debug|iPhoneSimulator.Build.0 = Debug|Any CPU
		{214293C8-A6B6-4A2F-AD0A-9226368CAF99}.Debug|iPhoneSimulator.Deploy.0 = Debug|Any CPU
		{214293C8-A6B6-4A2F-AD0A-9226368CAF99}.Debug|x86.ActiveCfg = Debug|x86
		{214293C8-A6B6-4A2F-AD0A-9226368CAF99}.Debug|x86.Build.0 = Debug|x86
		{214293C8-A6B6-4A2F-AD0A-9226368CAF99}.Debug|x86.Deploy.0 = Debug|x86
		{214293C8-A6B6-4A2F-AD0A-9226368CAF99}.Release|Any CPU.ActiveCfg = Release|Any CPU
		{214293C8-A6B6-4A2F-AD0A-9226368CAF99}.Release|Any CPU.Build.0 = Release|Any CPU
		{214293C8-A6B6-4A2F-AD0A-9226368CAF99}.Release|Any CPU.Deploy.0 = Release|Any CPU
		{214293C8-A6B6-4A2F-AD0A-9226368CAF99}.Release|ARM.ActiveCfg = Release|ARM
		{214293C8-A6B6-4A2F-AD0A-9226368CAF99}.Release|ARM.Build.0 = Release|ARM
		{214293C8-A6B6-4A2F-AD0A-9226368CAF99}.Release|ARM.Deploy.0 = Release|ARM
		{214293C8-A6B6-4A2F-AD0A-9226368CAF99}.Release|iPhone.ActiveCfg = Release|Any CPU
		{214293C8-A6B6-4A2F-AD0A-9226368CAF99}.Release|iPhone.Build.0 = Release|Any CPU
		{214293C8-A6B6-4A2F-AD0A-9226368CAF99}.Release|iPhone.Deploy.0 = Release|Any CPU
		{214293C8-A6B6-4A2F-AD0A-9226368CAF99}.Release|iPhoneSimulator.ActiveCfg = Release|Any CPU
		{214293C8-A6B6-4A2F-AD0A-9226368CAF99}.Release|iPhoneSimulator.Build.0 = Release|Any CPU
		{214293C8-A6B6-4A2F-AD0A-9226368CAF99}.Release|iPhoneSimulator.Deploy.0 = Release|Any CPU
		{214293C8-A6B6-4A2F-AD0A-9226368CAF99}.Release|x86.ActiveCfg = Release|x86
		{214293C8-A6B6-4A2F-AD0A-9226368CAF99}.Release|x86.Build.0 = Release|x86
		{214293C8-A6B6-4A2F-AD0A-9226368CAF99}.Release|x86.Deploy.0 = Release|x86
	EndGlobalSection
	GlobalSection(SolutionProperties) = preSolution
		HideSolutionNode = FALSE
	EndGlobalSection
EndGlobal
