
Microsoft Visual Studio Solution File, Format Version 12.00
# Visual Studio 2012
Project("{D954291E-2A0B-460D-934E-DC6B0785DB48}") = "WorklightSample", "WorklightSample.shproj", "{6D9B7318-FC5A-4A96-9740-1D8BAF49663C}"
EndProject
Project("{FAE04EC0-301F-11D3-BF4B-00C04F79EFBC}") = "WorklightSample.iOS", "iOS\WorklightSample.iOS.csproj", "{E981F3B1-B141-489F-94F0-12471EB3D593}"
EndProject
Project("{FAE04EC0-301F-11D3-BF4B-00C04F79EFBC}") = "WorklightSample.Android", "Android\WorklightSample.Android.csproj", "{2B89DA8E-279A-410C-AC16-FB6AF2C4F7FE}"
EndProject
Global
	GlobalSection(SolutionConfigurationPlatforms) = preSolution
		Debug|iPhoneSimulator = Debug|iPhoneSimulator
		Release|iPhoneSimulator = Release|iPhoneSimulator
		Debug|iPhone = Debug|iPhone
		Release|iPhone = Release|iPhone
		Ad-Hoc|iPhone = Ad-Hoc|iPhone
		AppStore|iPhone = AppStore|iPhone
		Debug|Any CPU = Debug|Any CPU
		Release|Any CPU = Release|Any CPU
	EndGlobalSection
	GlobalSection(ProjectConfigurationPlatforms) = postSolution
		{04ADB1AD-9433-4FB3-A050-14145544AD82}.Ad-Hoc|iPhone.ActiveCfg = Release|Any CPU
		{04ADB1AD-9433-4FB3-A050-14145544AD82}.Ad-Hoc|iPhone.Build.0 = Release|Any CPU
		{04ADB1AD-9433-4FB3-A050-14145544AD82}.AppStore|iPhone.ActiveCfg = Release|Any CPU
		{04ADB1AD-9433-4FB3-A050-14145544AD82}.AppStore|iPhone.Build.0 = Release|Any CPU
		{04ADB1AD-9433-4FB3-A050-14145544AD82}.Debug|Any CPU.ActiveCfg = Debug|Any CPU
		{04ADB1AD-9433-4FB3-A050-14145544AD82}.Debug|Any CPU.Build.0 = Debug|Any CPU
		{04ADB1AD-9433-4FB3-A050-14145544AD82}.Debug|iPhone.ActiveCfg = Debug|Any CPU
		{04ADB1AD-9433-4FB3-A050-14145544AD82}.Debug|iPhone.Build.0 = Debug|Any CPU
		{04ADB1AD-9433-4FB3-A050-14145544AD82}.Debug|iPhoneSimulator.ActiveCfg = Debug|Any CPU
		{04ADB1AD-9433-4FB3-A050-14145544AD82}.Debug|iPhoneSimulator.Build.0 = Debug|Any CPU
		{04ADB1AD-9433-4FB3-A050-14145544AD82}.Release|Any CPU.ActiveCfg = Release|Any CPU
		{04ADB1AD-9433-4FB3-A050-14145544AD82}.Release|Any CPU.Build.0 = Release|Any CPU
		{04ADB1AD-9433-4FB3-A050-14145544AD82}.Release|iPhone.ActiveCfg = Release|Any CPU
		{04ADB1AD-9433-4FB3-A050-14145544AD82}.Release|iPhone.Build.0 = Release|Any CPU
		{04ADB1AD-9433-4FB3-A050-14145544AD82}.Release|iPhoneSimulator.ActiveCfg = Release|Any CPU
		{04ADB1AD-9433-4FB3-A050-14145544AD82}.Release|iPhoneSimulator.Build.0 = Release|Any CPU
		{0B3C8AC0-D802-4AD8-A2FC-488A8FF18D6B}.Ad-Hoc|iPhone.ActiveCfg = Debug|Any CPU
		{0B3C8AC0-D802-4AD8-A2FC-488A8FF18D6B}.Ad-Hoc|iPhone.Build.0 = Debug|Any CPU
		{0B3C8AC0-D802-4AD8-A2FC-488A8FF18D6B}.AppStore|iPhone.ActiveCfg = Debug|Any CPU
		{0B3C8AC0-D802-4AD8-A2FC-488A8FF18D6B}.AppStore|iPhone.Build.0 = Debug|Any CPU
		{0B3C8AC0-D802-4AD8-A2FC-488A8FF18D6B}.Debug|Any CPU.ActiveCfg = Debug|Any CPU
		{0B3C8AC0-D802-4AD8-A2FC-488A8FF18D6B}.Debug|Any CPU.Build.0 = Debug|Any CPU
		{0B3C8AC0-D802-4AD8-A2FC-488A8FF18D6B}.Debug|iPhone.ActiveCfg = Debug|Any CPU
		{0B3C8AC0-D802-4AD8-A2FC-488A8FF18D6B}.Debug|iPhone.Build.0 = Debug|Any CPU
		{0B3C8AC0-D802-4AD8-A2FC-488A8FF18D6B}.Debug|iPhoneSimulator.ActiveCfg = Debug|Any CPU
		{0B3C8AC0-D802-4AD8-A2FC-488A8FF18D6B}.Debug|iPhoneSimulator.Build.0 = Debug|Any CPU
		{0B3C8AC0-D802-4AD8-A2FC-488A8FF18D6B}.Release|Any CPU.ActiveCfg = Release|Any CPU
		{0B3C8AC0-D802-4AD8-A2FC-488A8FF18D6B}.Release|Any CPU.Build.0 = Release|Any CPU
		{0B3C8AC0-D802-4AD8-A2FC-488A8FF18D6B}.Release|iPhone.ActiveCfg = Release|Any CPU
		{0B3C8AC0-D802-4AD8-A2FC-488A8FF18D6B}.Release|iPhone.Build.0 = Release|Any CPU
		{0B3C8AC0-D802-4AD8-A2FC-488A8FF18D6B}.Release|iPhoneSimulator.ActiveCfg = Release|Any CPU
		{0B3C8AC0-D802-4AD8-A2FC-488A8FF18D6B}.Release|iPhoneSimulator.Build.0 = Release|Any CPU
		{2B89DA8E-279A-410C-AC16-FB6AF2C4F7FE}.Ad-Hoc|iPhone.ActiveCfg = Release|Any CPU
		{2B89DA8E-279A-410C-AC16-FB6AF2C4F7FE}.Ad-Hoc|iPhone.Build.0 = Release|Any CPU
		{2B89DA8E-279A-410C-AC16-FB6AF2C4F7FE}.AppStore|iPhone.ActiveCfg = Release|Any CPU
		{2B89DA8E-279A-410C-AC16-FB6AF2C4F7FE}.AppStore|iPhone.Build.0 = Release|Any CPU
		{2B89DA8E-279A-410C-AC16-FB6AF2C4F7FE}.Debug|Any CPU.ActiveCfg = Debug|Any CPU
		{2B89DA8E-279A-410C-AC16-FB6AF2C4F7FE}.Debug|Any CPU.Build.0 = Debug|Any CPU
		{2B89DA8E-279A-410C-AC16-FB6AF2C4F7FE}.Debug|iPhone.ActiveCfg = Debug|Any CPU
		{2B89DA8E-279A-410C-AC16-FB6AF2C4F7FE}.Debug|iPhone.Build.0 = Debug|Any CPU
		{2B89DA8E-279A-410C-AC16-FB6AF2C4F7FE}.Debug|iPhoneSimulator.ActiveCfg = Debug|Any CPU
		{2B89DA8E-279A-410C-AC16-FB6AF2C4F7FE}.Debug|iPhoneSimulator.Build.0 = Debug|Any CPU
		{2B89DA8E-279A-410C-AC16-FB6AF2C4F7FE}.Release|Any CPU.ActiveCfg = Release|Any CPU
		{2B89DA8E-279A-410C-AC16-FB6AF2C4F7FE}.Release|Any CPU.Build.0 = Release|Any CPU
		{2B89DA8E-279A-410C-AC16-FB6AF2C4F7FE}.Release|iPhone.ActiveCfg = Release|Any CPU
		{2B89DA8E-279A-410C-AC16-FB6AF2C4F7FE}.Release|iPhone.Build.0 = Release|Any CPU
		{2B89DA8E-279A-410C-AC16-FB6AF2C4F7FE}.Release|iPhoneSimulator.ActiveCfg = Release|Any CPU
		{2B89DA8E-279A-410C-AC16-FB6AF2C4F7FE}.Release|iPhoneSimulator.Build.0 = Release|Any CPU
		{7C73E7F4-8208-4718-A678-860891167C1D}.Ad-Hoc|iPhone.ActiveCfg = Debug|Any CPU
		{7C73E7F4-8208-4718-A678-860891167C1D}.Ad-Hoc|iPhone.Build.0 = Debug|Any CPU
		{7C73E7F4-8208-4718-A678-860891167C1D}.AppStore|iPhone.ActiveCfg = Debug|Any CPU
		{7C73E7F4-8208-4718-A678-860891167C1D}.AppStore|iPhone.Build.0 = Debug|Any CPU
		{7C73E7F4-8208-4718-A678-860891167C1D}.Debug|Any CPU.ActiveCfg = Debug|Any CPU
		{7C73E7F4-8208-4718-A678-860891167C1D}.Debug|Any CPU.Build.0 = Debug|Any CPU
		{7C73E7F4-8208-4718-A678-860891167C1D}.Debug|iPhone.ActiveCfg = Debug|Any CPU
		{7C73E7F4-8208-4718-A678-860891167C1D}.Debug|iPhone.Build.0 = Debug|Any CPU
		{7C73E7F4-8208-4718-A678-860891167C1D}.Debug|iPhoneSimulator.ActiveCfg = Debug|Any CPU
		{7C73E7F4-8208-4718-A678-860891167C1D}.Debug|iPhoneSimulator.Build.0 = Debug|Any CPU
		{7C73E7F4-8208-4718-A678-860891167C1D}.Release|Any CPU.ActiveCfg = Release|Any CPU
		{7C73E7F4-8208-4718-A678-860891167C1D}.Release|Any CPU.Build.0 = Release|Any CPU
		{7C73E7F4-8208-4718-A678-860891167C1D}.Release|iPhone.ActiveCfg = Release|Any CPU
		{7C73E7F4-8208-4718-A678-860891167C1D}.Release|iPhone.Build.0 = Release|Any CPU
		{7C73E7F4-8208-4718-A678-860891167C1D}.Release|iPhoneSimulator.ActiveCfg = Release|Any CPU
		{7C73E7F4-8208-4718-A678-860891167C1D}.Release|iPhoneSimulator.Build.0 = Release|Any CPU
		{A1B2813A-CE38-48C8-84DB-24F5F32EE00C}.Ad-Hoc|iPhone.ActiveCfg = Release|Any CPU
		{A1B2813A-CE38-48C8-84DB-24F5F32EE00C}.Ad-Hoc|iPhone.Build.0 = Release|Any CPU
		{A1B2813A-CE38-48C8-84DB-24F5F32EE00C}.AppStore|iPhone.ActiveCfg = Release|Any CPU
		{A1B2813A-CE38-48C8-84DB-24F5F32EE00C}.AppStore|iPhone.Build.0 = Release|Any CPU
		{A1B2813A-CE38-48C8-84DB-24F5F32EE00C}.Debug|Any CPU.ActiveCfg = Debug|Any CPU
		{A1B2813A-CE38-48C8-84DB-24F5F32EE00C}.Debug|Any CPU.Build.0 = Debug|Any CPU
		{A1B2813A-CE38-48C8-84DB-24F5F32EE00C}.Debug|iPhone.ActiveCfg = Debug|Any CPU
		{A1B2813A-CE38-48C8-84DB-24F5F32EE00C}.Debug|iPhone.Build.0 = Debug|Any CPU
		{A1B2813A-CE38-48C8-84DB-24F5F32EE00C}.Debug|iPhoneSimulator.ActiveCfg = Debug|Any CPU
		{A1B2813A-CE38-48C8-84DB-24F5F32EE00C}.Debug|iPhoneSimulator.Build.0 = Debug|Any CPU
		{A1B2813A-CE38-48C8-84DB-24F5F32EE00C}.Release|Any CPU.ActiveCfg = Release|Any CPU
		{A1B2813A-CE38-48C8-84DB-24F5F32EE00C}.Release|Any CPU.Build.0 = Release|Any CPU
		{A1B2813A-CE38-48C8-84DB-24F5F32EE00C}.Release|iPhone.ActiveCfg = Release|Any CPU
		{A1B2813A-CE38-48C8-84DB-24F5F32EE00C}.Release|iPhone.Build.0 = Release|Any CPU
		{A1B2813A-CE38-48C8-84DB-24F5F32EE00C}.Release|iPhoneSimulator.ActiveCfg = Release|Any CPU
		{A1B2813A-CE38-48C8-84DB-24F5F32EE00C}.Release|iPhoneSimulator.Build.0 = Release|Any CPU
		{E981F3B1-B141-489F-94F0-12471EB3D593}.Ad-Hoc|iPhone.ActiveCfg = Ad-Hoc|iPhone
		{E981F3B1-B141-489F-94F0-12471EB3D593}.Ad-Hoc|iPhone.Build.0 = Ad-Hoc|iPhone
		{E981F3B1-B141-489F-94F0-12471EB3D593}.AppStore|iPhone.ActiveCfg = AppStore|iPhone
		{E981F3B1-B141-489F-94F0-12471EB3D593}.AppStore|iPhone.Build.0 = AppStore|iPhone
		{E981F3B1-B141-489F-94F0-12471EB3D593}.Debug|Any CPU.ActiveCfg = Debug|iPhoneSimulator
		{E981F3B1-B141-489F-94F0-12471EB3D593}.Debug|Any CPU.Build.0 = Debug|iPhoneSimulator
		{E981F3B1-B141-489F-94F0-12471EB3D593}.Debug|iPhone.ActiveCfg = Debug|iPhone
		{E981F3B1-B141-489F-94F0-12471EB3D593}.Debug|iPhone.Build.0 = Debug|iPhone
		{E981F3B1-B141-489F-94F0-12471EB3D593}.Debug|iPhoneSimulator.ActiveCfg = Debug|iPhoneSimulator
		{E981F3B1-B141-489F-94F0-12471EB3D593}.Debug|iPhoneSimulator.Build.0 = Debug|iPhoneSimulator
		{E981F3B1-B141-489F-94F0-12471EB3D593}.Release|Any CPU.ActiveCfg = Release|iPhoneSimulator
		{E981F3B1-B141-489F-94F0-12471EB3D593}.Release|Any CPU.Build.0 = Release|iPhoneSimulator
		{E981F3B1-B141-489F-94F0-12471EB3D593}.Release|iPhone.ActiveCfg = Release|iPhone
		{E981F3B1-B141-489F-94F0-12471EB3D593}.Release|iPhone.Build.0 = Release|iPhone
		{E981F3B1-B141-489F-94F0-12471EB3D593}.Release|iPhoneSimulator.ActiveCfg = Release|iPhoneSimulator
		{E981F3B1-B141-489F-94F0-12471EB3D593}.Release|iPhoneSimulator.Build.0 = Release|iPhoneSimulator
	EndGlobalSection
	GlobalSection(MonoDevelopProperties) = preSolution
		Policies = $0
		$0.DotNetNamingPolicy = $1
		$1.DirectoryNamespaceAssociation = None
		$1.ResourceNamePolicy = FileFormatDefault
		$0.StandardHeader = $2
		$2.Text = 
		$2.IncludeInNewFiles = True
		version = 7.1.0.0
	EndGlobalSection
EndGlobal
